
Microsoft Visual Studio Solution File, Format Version 12.00
Project("{FAE04EC0-301F-11D3-BF4B-00C04F79EFBC}") = "SharpTsubasa", "SharpTsubasa\SharpTsubasa.csproj", "{DB646B57-1301-4CF3-B851-5D3EA55327AA}"
EndProject
Global
	GlobalSection(SolutionConfigurationPlatforms) = preSolution
		Debug|Any CPU = Debug|Any CPU
		Release|Any CPU = Release|Any CPU
	EndGlobalSection
	GlobalSection(ProjectConfigurationPlatforms) = postSolution
		{DB646B57-1301-4CF3-B851-5D3EA55327AA}.Debug|Any CPU.ActiveCfg = Debug|Any CPU
		{DB646B57-1301-4CF3-B851-5D3EA55327AA}.Debug|Any CPU.Build.0 = Debug|Any CPU
		{DB646B57-1301-4CF3-B851-5D3EA55327AA}.Release|Any CPU.ActiveCfg = Release|Any CPU
		{DB646B57-1301-4CF3-B851-5D3EA55327AA}.Release|Any CPU.Build.0 = Release|Any CPU
	EndGlobalSection
EndGlobal
